
Microsoft Visual Studio Solution File, Format Version 12.00
# Visual Studio 15
VisualStudioVersion = 15.0.28307.1022
MinimumVisualStudioVersion = 10.0.40219.1
Project("{FAE04EC0-301F-11D3-BF4B-00C04F79EFBC}") = "EasyStore", "EasyStore\EasyStore.csproj", "{62E6AB36-2B04-441B-B572-8CAC46BA231E}"
EndProject
Global
	GlobalSection(SolutionConfigurationPlatforms) = preSolution
		Debug|Any CPU = Debug|Any CPU
		Release|Any CPU = Release|Any CPU
	EndGlobalSection
	GlobalSection(ProjectConfigurationPlatforms) = postSolution
		{62E6AB36-2B04-441B-B572-8CAC46BA231E}.Debug|Any CPU.ActiveCfg = Debug|Any CPU
		{62E6AB36-2B04-441B-B572-8CAC46BA231E}.Debug|Any CPU.Build.0 = Debug|Any CPU
		{62E6AB36-2B04-441B-B572-8CAC46BA231E}.Release|Any CPU.ActiveCfg = Release|Any CPU
		{62E6AB36-2B04-441B-B572-8CAC46BA231E}.Release|Any CPU.Build.0 = Release|Any CPU
	EndGlobalSection
	GlobalSection(SolutionProperties) = preSolution
		HideSolutionNode = FALSE
	EndGlobalSection
	GlobalSection(ExtensibilityGlobals) = postSolution
		SolutionGuid = {6BE0F757-CA6D-4CB3-90B3-065292798B5D}
	EndGlobalSection
EndGlobal
